
Microsoft Visual Studio Solution File, Format Version 12.00
# Visual Studio Version 16
VisualStudioVersion = 16.0.29230.47
MinimumVisualStudioVersion = 10.0.40219.1
Project("{FAE04EC0-301F-11D3-BF4B-00C04F79EFBC}") = "lab2", "lab2\lab2.csproj", "{B3FF58F9-2C4A-49E5-94D1-0F803F9962E9}"
EndProject
Project("{FAE04EC0-301F-11D3-BF4B-00C04F79EFBC}") = "Variables", "Variables\Variables.csproj", "{B462978F-DB99-4C0E-B265-7C61383D2C33}"
EndProject
Global
	GlobalSection(SolutionConfigurationPlatforms) = preSolution
		Debug|Any CPU = Debug|Any CPU
		Release|Any CPU = Release|Any CPU
	EndGlobalSection
	GlobalSection(ProjectConfigurationPlatforms) = postSolution
		{B3FF58F9-2C4A-49E5-94D1-0F803F9962E9}.Debug|Any CPU.ActiveCfg = Debug|Any CPU
		{B3FF58F9-2C4A-49E5-94D1-0F803F9962E9}.Debug|Any CPU.Build.0 = Debug|Any CPU
		{B3FF58F9-2C4A-49E5-94D1-0F803F9962E9}.Release|Any CPU.ActiveCfg = Release|Any CPU
		{B3FF58F9-2C4A-49E5-94D1-0F803F9962E9}.Release|Any CPU.Build.0 = Release|Any CPU
		{B462978F-DB99-4C0E-B265-7C61383D2C33}.Debug|Any CPU.ActiveCfg = Debug|Any CPU
		{B462978F-DB99-4C0E-B265-7C61383D2C33}.Debug|Any CPU.Build.0 = Debug|Any CPU
		{B462978F-DB99-4C0E-B265-7C61383D2C33}.Release|Any CPU.ActiveCfg = Release|Any CPU
		{B462978F-DB99-4C0E-B265-7C61383D2C33}.Release|Any CPU.Build.0 = Release|Any CPU
	EndGlobalSection
	GlobalSection(SolutionProperties) = preSolution
		HideSolutionNode = FALSE
	EndGlobalSection
	GlobalSection(ExtensibilityGlobals) = postSolution
		SolutionGuid = {D6620760-141D-4362-B75D-1FDC74196265}
	EndGlobalSection
EndGlobal
